
Microsoft Visual Studio Solution File, Format Version 12.00
# Visual Studio Version 16
VisualStudioVersion = 16.0.31019.35
MinimumVisualStudioVersion = 10.0.40219.1
Project("{FAE04EC0-301F-11D3-BF4B-00C04F79EFBC}") = "UciekającyGuziol", "UciekającyGuziol.csproj", "{08F010AC-22FD-49AB-945A-9344A30E4525}"
EndProject
Global
	GlobalSection(SolutionConfigurationPlatforms) = preSolution
		Debug|Any CPU = Debug|Any CPU
		Release|Any CPU = Release|Any CPU
	EndGlobalSection
	GlobalSection(ProjectConfigurationPlatforms) = postSolution
		{08F010AC-22FD-49AB-945A-9344A30E4525}.Debug|Any CPU.ActiveCfg = Debug|Any CPU
		{08F010AC-22FD-49AB-945A-9344A30E4525}.Debug|Any CPU.Build.0 = Debug|Any CPU
		{08F010AC-22FD-49AB-945A-9344A30E4525}.Release|Any CPU.ActiveCfg = Release|Any CPU
		{08F010AC-22FD-49AB-945A-9344A30E4525}.Release|Any CPU.Build.0 = Release|Any CPU
	EndGlobalSection
	GlobalSection(SolutionProperties) = preSolution
		HideSolutionNode = FALSE
	EndGlobalSection
	GlobalSection(ExtensibilityGlobals) = postSolution
		SolutionGuid = {BAF0799A-CE90-433E-BF6B-59DF6F670C7D}
	EndGlobalSection
EndGlobal
